
Microsoft Visual Studio Solution File, Format Version 12.00
# Visual Studio Version 17
VisualStudioVersion = 17.13.35931.197 d17.13
MinimumVisualStudioVersion = 10.0.40219.1
Project("{FAE04EC0-301F-11D3-BF4B-00C04F79EFBC}") = "SimpleLocationDisplay", "SimpleLocationDisplay\SimpleLocationDisplay.csproj", "{C1EB807A-D98D-4160-96AE-D95F49FD13D0}"
EndProject
Global
	GlobalSection(SolutionConfigurationPlatforms) = preSolution
		Debug|Any CPU = Debug|Any CPU
		Release|Any CPU = Release|Any CPU
	EndGlobalSection
	GlobalSection(ProjectConfigurationPlatforms) = postSolution
		{C1EB807A-D98D-4160-96AE-D95F49FD13D0}.Debug|Any CPU.ActiveCfg = Debug|Any CPU
		{C1EB807A-D98D-4160-96AE-D95F49FD13D0}.Debug|Any CPU.Build.0 = Debug|Any CPU
		{C1EB807A-D98D-4160-96AE-D95F49FD13D0}.Release|Any CPU.ActiveCfg = Release|Any CPU
		{C1EB807A-D98D-4160-96AE-D95F49FD13D0}.Release|Any CPU.Build.0 = Release|Any CPU
	EndGlobalSection
	GlobalSection(SolutionProperties) = preSolution
		HideSolutionNode = FALSE
	EndGlobalSection
	GlobalSection(ExtensibilityGlobals) = postSolution
		SolutionGuid = {E869208E-884A-42FA-8ED4-B031A54F5343}
	EndGlobalSection
EndGlobal
